
Microsoft Visual Studio Solution File, Format Version 12.00
# Visual Studio 2012
Project("{FAE04EC0-301F-11D3-BF4B-00C04F79EFBC}") = "IAgenteSmsSharp", "IAgenteSmsSharp\IAgenteSmsSharp.csproj", "{9E2DCD03-A134-40A5-8C87-238CCF615F07}"
EndProject
Project("{FAE04EC0-301F-11D3-BF4B-00C04F79EFBC}") = "IAgenteSmsSharp.FunctionalTests", "IAgenteSmsSharp.FunctionalTests\IAgenteSmsSharp.FunctionalTests.csproj", "{4C6E835C-BE47-4290-93B7-CDE502DE33C5}"
EndProject
Project("{FAE04EC0-301F-11D3-BF4B-00C04F79EFBC}") = "IAgenteSmsSharp.UnitTests", "IAgenteSmsSharp.UnitTests\IAgenteSmsSharp.UnitTests.csproj", "{92546165-1C67-41AE-8EDB-CAF08C7E3CE1}"
EndProject
Project("{2150E333-8FDC-42A3-9474-1A3956D46DE8}") = ".nuget", ".nuget", "{3967B942-88CB-4BD5-BF27-F8E32D4884B3}"
	ProjectSection(SolutionItems) = preProject
		.nuget\NuGet.Config = .nuget\NuGet.Config
		.nuget\NuGet.exe = .nuget\NuGet.exe
		.nuget\NuGet.targets = .nuget\NuGet.targets
	EndProjectSection
EndProject
Global
	GlobalSection(SolutionConfigurationPlatforms) = preSolution
		Debug|Any CPU = Debug|Any CPU
		Release|Any CPU = Release|Any CPU
	EndGlobalSection
	GlobalSection(ProjectConfigurationPlatforms) = postSolution
		{9E2DCD03-A134-40A5-8C87-238CCF615F07}.Debug|Any CPU.ActiveCfg = Debug|Any CPU
		{9E2DCD03-A134-40A5-8C87-238CCF615F07}.Debug|Any CPU.Build.0 = Debug|Any CPU
		{9E2DCD03-A134-40A5-8C87-238CCF615F07}.Release|Any CPU.ActiveCfg = Release|Any CPU
		{9E2DCD03-A134-40A5-8C87-238CCF615F07}.Release|Any CPU.Build.0 = Release|Any CPU
		{4C6E835C-BE47-4290-93B7-CDE502DE33C5}.Debug|Any CPU.ActiveCfg = Debug|Any CPU
		{4C6E835C-BE47-4290-93B7-CDE502DE33C5}.Debug|Any CPU.Build.0 = Debug|Any CPU
		{4C6E835C-BE47-4290-93B7-CDE502DE33C5}.Release|Any CPU.ActiveCfg = Release|Any CPU
		{4C6E835C-BE47-4290-93B7-CDE502DE33C5}.Release|Any CPU.Build.0 = Release|Any CPU
		{92546165-1C67-41AE-8EDB-CAF08C7E3CE1}.Debug|Any CPU.ActiveCfg = Debug|Any CPU
		{92546165-1C67-41AE-8EDB-CAF08C7E3CE1}.Debug|Any CPU.Build.0 = Debug|Any CPU
		{92546165-1C67-41AE-8EDB-CAF08C7E3CE1}.Release|Any CPU.ActiveCfg = Release|Any CPU
		{92546165-1C67-41AE-8EDB-CAF08C7E3CE1}.Release|Any CPU.Build.0 = Release|Any CPU
	EndGlobalSection
	GlobalSection(SolutionProperties) = preSolution
		HideSolutionNode = FALSE
	EndGlobalSection
EndGlobal
